// !$*UTF8*$!
{
	archiveVersion = 1;
	classes = {
	};
	objectVersion = 77;
	objects = {

/* Begin PBXContainerItemProxy section */
		A10000000000000000000020 /* PBXContainerItemProxy */ = {
			isa = PBXContainerItemProxy;
			containerPortal = A10000000000000000000001 /* Project object */;
			proxyType = 1;
			remoteGlobalIDString = A10000000000000000000030;
			remoteInfo = GitPings;
		};
		A10000000000000000000021 /* PBXContainerItemProxy */ = {
			isa = PBXContainerItemProxy;
			containerPortal = A10000000000000000000001 /* Project object */;
			proxyType = 1;
			remoteGlobalIDString = A10000000000000000000030;
			remoteInfo = GitPings;
		};
/* End PBXContainerItemProxy section */

/* Begin PBXFileReference section */
		A10000000000000000000010 /* GitPings.app */ = {isa = PBXFileReference; explicitFileType = wrapper.application; includeInIndex = 0; path = GitPings.app; sourceTree = BUILT_PRODUCTS_DIR; };
		A10000000000000000000011 /* GitPingsTests.xctest */ = {isa = PBXFileReference; explicitFileType = wrapper.cfbundle; includeInIndex = 0; path = GitPingsTests.xctest; sourceTree = BUILT_PRODUCTS_DIR; };
		A10000000000000000000012 /* GitPingsUITests.xctest */ = {isa = PBXFileReference; explicitFileType = wrapper.cfbundle; includeInIndex = 0; path = GitPingsUITests.xctest; sourceTree = BUILT_PRODUCTS_DIR; };
/* End PBXFileReference section */

/* Begin PBXFileSystemSynchronizedRootGroup section */
		A10000000000000000000040 /* GitPings */ = {
			isa = PBXFileSystemSynchronizedRootGroup;
			path = GitPings;
			sourceTree = "<group>";
		};
		A10000000000000000000041 /* GitPingsTests */ = {
			isa = PBXFileSystemSynchronizedRootGroup;
			path = GitPingsTests;
			sourceTree = "<group>";
		};
		A10000000000000000000042 /* GitPingsUITests */ = {
			isa = PBXFileSystemSynchronizedRootGroup;
			path = GitPingsUITests;
			sourceTree = "<group>";
		};
		A10000000000000000000043 /* Fixtures */ = {
			isa = PBXFileSystemSynchronizedRootGroup;
			path = Fixtures;
			sourceTree = "<group>";
		};
/* End PBXFileSystemSynchronizedRootGroup section */

/* Begin PBXFrameworksBuildPhase section */
		A10000000000000000000050 /* Frameworks */ = {
			isa = PBXFrameworksBuildPhase;
			buildActionMask = 2147483647;
			files = (
			);
			runOnlyForDeploymentPostprocessing = 0;
		};
		A10000000000000000000051 /* Frameworks */ = {
			isa = PBXFrameworksBuildPhase;
			buildActionMask = 2147483647;
			files = (
			);
			runOnlyForDeploymentPostprocessing = 0;
		};
		A10000000000000000000052 /* Frameworks */ = {
			isa = PBXFrameworksBuildPhase;
			buildActionMask = 2147483647;
			files = (
			);
			runOnlyForDeploymentPostprocessing = 0;
		};
/* End PBXFrameworksBuildPhase section */

/* Begin PBXGroup section */
		A10000000000000000000060 = {
			isa = PBXGroup;
			children = (
				A10000000000000000000040 /* GitPings */,
				A10000000000000000000041 /* GitPingsTests */,
				A10000000000000000000042 /* GitPingsUITests */,
				A10000000000000000000043 /* Fixtures */,
				A10000000000000000000061 /* Products */,
			);
			sourceTree = "<group>";
		};
		A10000000000000000000061 /* Products */ = {
			isa = PBXGroup;
			children = (
				A10000000000000000000010 /* GitPings.app */,
				A10000000000000000000011 /* GitPingsTests.xctest */,
				A10000000000000000000012 /* GitPingsUITests.xctest */,
			);
			name = Products;
			sourceTree = "<group>";
		};
/* End PBXGroup section */

/* Begin PBXNativeTarget section */
		A10000000000000000000030 /* GitPings */ = {
			isa = PBXNativeTarget;
			buildConfigurationList = A10000000000000000000080 /* Build configuration list for PBXNativeTarget "GitPings" */;
			buildPhases = (
				A10000000000000000000070 /* Sources */,
				A10000000000000000000050 /* Frameworks */,
				A10000000000000000000071 /* Resources */,
			);
			buildRules = (
			);
			dependencies = (
			);
			fileSystemSynchronizedGroups = (
				A10000000000000000000040 /* GitPings */,
			);
			name = GitPings;
			packageProductDependencies = (
			);
			productName = GitPings;
			productReference = A10000000000000000000010 /* GitPings.app */;
			productType = "com.apple.product-type.application";
		};
		A10000000000000000000031 /* GitPingsTests */ = {
			isa = PBXNativeTarget;
			buildConfigurationList = A10000000000000000000081 /* Build configuration list for PBXNativeTarget "GitPingsTests" */;
			buildPhases = (
				A10000000000000000000072 /* Sources */,
				A10000000000000000000051 /* Frameworks */,
				A10000000000000000000073 /* Resources */,
			);
			buildRules = (
			);
			dependencies = (
				A10000000000000000000090 /* PBXTargetDependency */,
			);
			fileSystemSynchronizedGroups = (
				A10000000000000000000041 /* GitPingsTests */,
				A10000000000000000000043 /* Fixtures */,
			);
			name = GitPingsTests;
			packageProductDependencies = (
			);
			productName = GitPingsTests;
			productReference = A10000000000000000000011 /* GitPingsTests.xctest */;
			productType = "com.apple.product-type.bundle.unit-test";
		};
		A10000000000000000000032 /* GitPingsUITests */ = {
			isa = PBXNativeTarget;
			buildConfigurationList = A10000000000000000000082 /* Build configuration list for PBXNativeTarget "GitPingsUITests" */;
			buildPhases = (
				A10000000000000000000074 /* Sources */,
				A10000000000000000000052 /* Frameworks */,
				A10000000000000000000075 /* Resources */,
			);
			buildRules = (
			);
			dependencies = (
				A10000000000000000000091 /* PBXTargetDependency */,
			);
			fileSystemSynchronizedGroups = (
				A10000000000000000000042 /* GitPingsUITests */,
			);
			name = GitPingsUITests;
			packageProductDependencies = (
			);
			productName = GitPingsUITests;
			productReference = A10000000000000000000012 /* GitPingsUITests.xctest */;
			productType = "com.apple.product-type.bundle.ui-testing";
		};
/* End PBXNativeTarget section */

/* Begin PBXProject section */
		A10000000000000000000001 /* Project object */ = {
			isa = PBXProject;
			attributes = {
				BuildIndependentTargetsInParallel = 1;
				LastSwiftUpdateCheck = 2600;
				LastUpgradeCheck = 2600;
				TargetAttributes = {
					A10000000000000000000030 = {
						CreatedOnToolsVersion = 26.0;
					};
					A10000000000000000000031 = {
						CreatedOnToolsVersion = 26.0;
						TestTargetID = A10000000000000000000030;
					};
					A10000000000000000000032 = {
						CreatedOnToolsVersion = 26.0;
						TestTargetID = A10000000000000000000030;
					};
				};
			};
			buildConfigurationList = A10000000000000000000083 /* Build configuration list for PBXProject "GitPings" */;
			developmentRegion = en;
			hasScannedForEncodings = 0;
			knownRegions = (
				en,
				Base,
			);
			mainGroup = A10000000000000000000060;
			minimizedProjectReferenceProxies = 1;
			preferredProjectObjectVersion = 77;
			productRefGroup = A10000000000000000000061 /* Products */;
			projectDirPath = "";
			projectRoot = "";
			targets = (
				A10000000000000000000030 /* GitPings */,
				A10000000000000000000031 /* GitPingsTests */,
				A10000000000000000000032 /* GitPingsUITests */,
			);
		};
/* End PBXProject section */

/* Begin PBXResourcesBuildPhase section */
		A10000000000000000000071 /* Resources */ = {
			isa = PBXResourcesBuildPhase;
			buildActionMask = 2147483647;
			files = (
			);
			runOnlyForDeploymentPostprocessing = 0;
		};
		A10000000000000000000073 /* Resources */ = {
			isa = PBXResourcesBuildPhase;
			buildActionMask = 2147483647;
			files = (
			);
			runOnlyForDeploymentPostprocessing = 0;
		};
		A10000000000000000000075 /* Resources */ = {
			isa = PBXResourcesBuildPhase;
			buildActionMask = 2147483647;
			files = (
			);
			runOnlyForDeploymentPostprocessing = 0;
		};
/* End PBXResourcesBuildPhase section */

/* Begin PBXSourcesBuildPhase section */
		A10000000000000000000070 /* Sources */ = {
			isa = PBXSourcesBuildPhase;
			buildActionMask = 2147483647;
			files = (
			);
			runOnlyForDeploymentPostprocessing = 0;
		};
		A10000000000000000000072 /* Sources */ = {
			isa = PBXSourcesBuildPhase;
			buildActionMask = 2147483647;
			files = (
			);
			runOnlyForDeploymentPostprocessing = 0;
		};
		A10000000000000000000074 /* Sources */ = {
			isa = PBXSourcesBuildPhase;
			buildActionMask = 2147483647;
			files = (
			);
			runOnlyForDeploymentPostprocessing = 0;
		};
/* End PBXSourcesBuildPhase section */

/* Begin PBXTargetDependency section */
		A10000000000000000000090 /* PBXTargetDependency */ = {
			isa = PBXTargetDependency;
			target = A10000000000000000000030 /* GitPings */;
			targetProxy = A10000000000000000000020 /* PBXContainerItemProxy */;
		};
		A10000000000000000000091 /* PBXTargetDependency */ = {
			isa = PBXTargetDependency;
			target = A10000000000000000000030 /* GitPings */;
			targetProxy = A10000000000000000000021 /* PBXContainerItemProxy */;
		};
/* End PBXTargetDependency section */

/* Begin XCBuildConfiguration section */
		A100000000000000000000A0 /* Debug */ = {
			isa = XCBuildConfiguration;
			buildSettings = {
				ALWAYS_SEARCH_USER_PATHS = NO;
				CLANG_ENABLE_MODULES = YES;
				CLANG_ENABLE_OBJC_ARC = YES;
				COPY_PHASE_STRIP = NO;
				DEBUG_INFORMATION_FORMAT = dwarf;
				ENABLE_TESTABILITY = YES;
				GCC_DYNAMIC_NO_PIC = NO;
				GCC_OPTIMIZATION_LEVEL = 0;
				MACOSX_DEPLOYMENT_TARGET = 26.0;
				ONLY_ACTIVE_ARCH = YES;
				SDKROOT = macosx;
				SWIFT_ACTIVE_COMPILATION_CONDITIONS = "DEBUG $(inherited)";
				SWIFT_OPTIMIZATION_LEVEL = "-Onone";
				SWIFT_VERSION = 6.0;
			};
			name = Debug;
		};
		A100000000000000000000A1 /* Release */ = {
			isa = XCBuildConfiguration;
			buildSettings = {
				ALWAYS_SEARCH_USER_PATHS = NO;
				CLANG_ENABLE_MODULES = YES;
				CLANG_ENABLE_OBJC_ARC = YES;
				COPY_PHASE_STRIP = NO;
				DEBUG_INFORMATION_FORMAT = "dwarf-with-dsym";
				MACOSX_DEPLOYMENT_TARGET = 26.0;
				SDKROOT = macosx;
				SWIFT_COMPILATION_MODE = wholemodule;
				SWIFT_VERSION = 6.0;
			};
			name = Release;
		};
		A100000000000000000000A2 /* Debug */ = {
			isa = XCBuildConfiguration;
			buildSettings = {
				ASSETCATALOG_COMPILER_APPICON_NAME = AppIcon;
				ASSETCATALOG_COMPILER_GLOBAL_ACCENT_COLOR_NAME = AccentColor;
				CODE_SIGN_ENTITLEMENTS = GitPings/GitPings.entitlements;
				CODE_SIGN_STYLE = Automatic;
				COMBINE_HIDPI_IMAGES = YES;
				CURRENT_PROJECT_VERSION = 4;
				ENABLE_APP_SANDBOX = YES;
				ENABLE_HARDENED_RUNTIME = YES;
				ENABLE_OUTGOING_NETWORK_CONNECTIONS = YES;
				GENERATE_INFOPLIST_FILE = YES;
				INFOPLIST_KEY_CFBundleDisplayName = GitPings;
				INFOPLIST_KEY_LSApplicationCategoryType = "public.app-category.developer-tools";
				INFOPLIST_KEY_LSUIElement = NO;
				INFOPLIST_KEY_NSHumanReadableCopyright = "Copyright © 2026 Razeen Ali";
				LD_RUNPATH_SEARCH_PATHS = (
					"$(inherited)",
					"@executable_path/../Frameworks",
				);
				MARKETING_VERSION = 0.1.2;
				PRODUCT_BUNDLE_IDENTIFIER = com.razeenali.gitpings;
				PRODUCT_NAME = "$(TARGET_NAME)";
				REGISTER_APP_GROUPS = YES;
				SWIFT_APPROACHABLE_CONCURRENCY = YES;
				SWIFT_EMIT_LOC_STRINGS = YES;
				SWIFT_VERSION = 6.0;
			};
			name = Debug;
		};
		A100000000000000000000A3 /* Release */ = {
			isa = XCBuildConfiguration;
			buildSettings = {
				ASSETCATALOG_COMPILER_APPICON_NAME = AppIcon;
				ASSETCATALOG_COMPILER_GLOBAL_ACCENT_COLOR_NAME = AccentColor;
				CODE_SIGN_ENTITLEMENTS = GitPings/GitPings.entitlements;
				CODE_SIGN_STYLE = Automatic;
				COMBINE_HIDPI_IMAGES = YES;
				CURRENT_PROJECT_VERSION = 4;
				ENABLE_APP_SANDBOX = YES;
				ENABLE_HARDENED_RUNTIME = YES;
				ENABLE_OUTGOING_NETWORK_CONNECTIONS = YES;
				GENERATE_INFOPLIST_FILE = YES;
				INFOPLIST_KEY_CFBundleDisplayName = GitPings;
				INFOPLIST_KEY_LSApplicationCategoryType = "public.app-category.developer-tools";
				INFOPLIST_KEY_LSUIElement = NO;
				INFOPLIST_KEY_NSHumanReadableCopyright = "Copyright © 2026 Razeen Ali";
				LD_RUNPATH_SEARCH_PATHS = (
					"$(inherited)",
					"@executable_path/../Frameworks",
				);
				MARKETING_VERSION = 0.1.2;
				PRODUCT_BUNDLE_IDENTIFIER = com.razeenali.gitpings;
				PRODUCT_NAME = "$(TARGET_NAME)";
				REGISTER_APP_GROUPS = YES;
				SWIFT_APPROACHABLE_CONCURRENCY = YES;
				SWIFT_EMIT_LOC_STRINGS = YES;
				SWIFT_VERSION = 6.0;
			};
			name = Release;
		};
		A100000000000000000000A4 /* Debug */ = {
			isa = XCBuildConfiguration;
			buildSettings = {
				BUNDLE_LOADER = "$(TEST_HOST)";
				CODE_SIGN_STYLE = Automatic;
				CURRENT_PROJECT_VERSION = 1;
				GENERATE_INFOPLIST_FILE = YES;
				MACOSX_DEPLOYMENT_TARGET = 26.0;
				MARKETING_VERSION = 0.1.0;
				PRODUCT_BUNDLE_IDENTIFIER = com.razeenali.gitpings.tests;
				PRODUCT_NAME = "$(TARGET_NAME)";
				SWIFT_APPROACHABLE_CONCURRENCY = YES;
				SWIFT_EMIT_LOC_STRINGS = NO;
				SWIFT_VERSION = 6.0;
				TEST_HOST = "$(BUILT_PRODUCTS_DIR)/GitPings.app/$(BUNDLE_EXECUTABLE_FOLDER_PATH)/GitPings";
			};
			name = Debug;
		};
		A100000000000000000000A5 /* Release */ = {
			isa = XCBuildConfiguration;
			buildSettings = {
				BUNDLE_LOADER = "$(TEST_HOST)";
				CODE_SIGN_STYLE = Automatic;
				CURRENT_PROJECT_VERSION = 1;
				GENERATE_INFOPLIST_FILE = YES;
				MACOSX_DEPLOYMENT_TARGET = 26.0;
				MARKETING_VERSION = 0.1.0;
				PRODUCT_BUNDLE_IDENTIFIER = com.razeenali.gitpings.tests;
				PRODUCT_NAME = "$(TARGET_NAME)";
				SWIFT_APPROACHABLE_CONCURRENCY = YES;
				SWIFT_EMIT_LOC_STRINGS = NO;
				SWIFT_VERSION = 6.0;
				TEST_HOST = "$(BUILT_PRODUCTS_DIR)/GitPings.app/$(BUNDLE_EXECUTABLE_FOLDER_PATH)/GitPings";
			};
			name = Release;
		};
		A100000000000000000000A6 /* Debug */ = {
			isa = XCBuildConfiguration;
			buildSettings = {
				CODE_SIGN_STYLE = Automatic;
				CURRENT_PROJECT_VERSION = 1;
				GENERATE_INFOPLIST_FILE = YES;
				MACOSX_DEPLOYMENT_TARGET = 26.0;
				MARKETING_VERSION = 0.1.0;
				PRODUCT_BUNDLE_IDENTIFIER = com.razeenali.gitpings.uitests;
				PRODUCT_NAME = "$(TARGET_NAME)";
				SWIFT_APPROACHABLE_CONCURRENCY = YES;
				SWIFT_EMIT_LOC_STRINGS = NO;
				SWIFT_VERSION = 6.0;
				TEST_TARGET_NAME = GitPings;
			};
			name = Debug;
		};
		A100000000000000000000A7 /* Release */ = {
			isa = XCBuildConfiguration;
			buildSettings = {
				CODE_SIGN_STYLE = Automatic;
				CURRENT_PROJECT_VERSION = 1;
				GENERATE_INFOPLIST_FILE = YES;
				MACOSX_DEPLOYMENT_TARGET = 26.0;
				MARKETING_VERSION = 0.1.0;
				PRODUCT_BUNDLE_IDENTIFIER = com.razeenali.gitpings.uitests;
				PRODUCT_NAME = "$(TARGET_NAME)";
				SWIFT_APPROACHABLE_CONCURRENCY = YES;
				SWIFT_EMIT_LOC_STRINGS = NO;
				SWIFT_VERSION = 6.0;
				TEST_TARGET_NAME = GitPings;
			};
			name = Release;
		};
/* End XCBuildConfiguration section */

/* Begin XCConfigurationList section */
		A10000000000000000000080 /* Build configuration list for PBXNativeTarget "GitPings" */ = {
			isa = XCConfigurationList;
			buildConfigurations = (
				A100000000000000000000A2 /* Debug */,
				A100000000000000000000A3 /* Release */,
			);
			defaultConfigurationIsVisible = 0;
			defaultConfigurationName = Release;
		};
		A10000000000000000000081 /* Build configuration list for PBXNativeTarget "GitPingsTests" */ = {
			isa = XCConfigurationList;
			buildConfigurations = (
				A100000000000000000000A4 /* Debug */,
				A100000000000000000000A5 /* Release */,
			);
			defaultConfigurationIsVisible = 0;
			defaultConfigurationName = Release;
		};
		A10000000000000000000082 /* Build configuration list for PBXNativeTarget "GitPingsUITests" */ = {
			isa = XCConfigurationList;
			buildConfigurations = (
				A100000000000000000000A6 /* Debug */,
				A100000000000000000000A7 /* Release */,
			);
			defaultConfigurationIsVisible = 0;
			defaultConfigurationName = Release;
		};
		A10000000000000000000083 /* Build configuration list for PBXProject "GitPings" */ = {
			isa = XCConfigurationList;
			buildConfigurations = (
				A100000000000000000000A0 /* Debug */,
				A100000000000000000000A1 /* Release */,
			);
			defaultConfigurationIsVisible = 0;
			defaultConfigurationName = Release;
		};
/* End XCConfigurationList section */
	};
	rootObject = A10000000000000000000001 /* Project object */;
}
